// !$*UTF8*$!
{
	archiveVersion = 1;
	classes = {
	};
	objectVersion = 50;
	objects = {

/* Begin PBXBuildFile section */
		934C9436228B30A800CE0D55 /* AppDelegate.swift in Sources */ = {isa = PBXBuildFile; fileRef = 934C9435228B30A800CE0D55 /* AppDelegate.swift */; };
		934C9438228B30A800CE0D55 /* ViewController.swift in Sources */ = {isa = PBXBuildFile; fileRef = 934C9437228B30A800CE0D55 /* ViewController.swift */; };
		934C943B228B30A800CE0D55 /* Main.storyboard in Resources */ = {isa = PBXBuildFile; fileRef = 934C9439228B30A800CE0D55 /* Main.storyboard */; };
		934C943D228B30A800CE0D55 /* Assets.xcassets in Resources */ = {isa = PBXBuildFile; fileRef = 934C943C228B30A800CE0D55 /* Assets.xcassets */; };
		934C9440228B30A800CE0D55 /* LaunchScreen.storyboard in Resources */ = {isa = PBXBuildFile; fileRef = 934C943E228B30A800CE0D55 /* LaunchScreen.storyboard */; };
		934C944B228B30A800CE0D55 /* EvoTestTests.swift in Sources */ = {isa = PBXBuildFile; fileRef = 934C944A228B30A800CE0D55 /* EvoTestTests.swift */; };
		934C9456228B30A800CE0D55 /* EvoTestUITests.swift in Sources */ = {isa = PBXBuildFile; fileRef = 934C9455228B30A800CE0D55 /* EvoTestUITests.swift */; };
/* End PBXBuildFile section */

/* Begin PBXContainerItemProxy section */
		934C9447228B30A800CE0D55 /* PBXContainerItemProxy */ = {
			isa = PBXContainerItemProxy;
			containerPortal = 934C942A228B30A800CE0D55 /* Project object */;
			proxyType = 1;
			remoteGlobalIDString = 934C9431228B30A800CE0D55;
			remoteInfo = EvoTest;
		};
		934C9452228B30A800CE0D55 /* PBXContainerItemProxy */ = {
			isa = PBXContainerItemProxy;
			containerPortal = 934C942A228B30A800CE0D55 /* Project object */;
			proxyType = 1;
			remoteGlobalIDString = 934C9431228B30A800CE0D55;
			remoteInfo = EvoTest;
		};
/* End PBXContainerItemProxy section */

/* Begin PBXFileReference section */
		934C9432228B30A800CE0D55 /* EvoTest.app */ = {isa = PBXFileReference; explicitFileType = wrapper.application; includeInIndex = 0; path = EvoTest.app; sourceTree = BUILT_PRODUCTS_DIR; };
		934C9435228B30A800CE0D55 /* AppDelegate.swift */ = {isa = PBXFileReference; lastKnownFileType = sourcecode.swift; path = AppDelegate.swift; sourceTree = "<group>"; };
		934C9437228B30A800CE0D55 /* ViewController.swift */ = {isa = PBXFileReference; lastKnownFileType = sourcecode.swift; path = ViewController.swift; sourceTree = "<group>"; };
		934C943A228B30A800CE0D55 /* Base */ = {isa = PBXFileReference; lastKnownFileType = file.storyboard; name = Base; path = Base.lproj/Main.storyboard; sourceTree = "<group>"; };
		934C943C228B30A800CE0D55 /* Assets.xcassets */ = {isa = PBXFileReference; lastKnownFileType = folder.assetcatalog; path = Assets.xcassets; sourceTree = "<group>"; };
		934C943F228B30A800CE0D55 /* Base */ = {isa = PBXFileReference; lastKnownFileType = file.storyboard; name = Base; path = Base.lproj/LaunchScreen.storyboard; sourceTree = "<group>"; };
		934C9441228B30A800CE0D55 /* Info.plist */ = {isa = PBXFileReference; lastKnownFileType = text.plist.xml; path = Info.plist; sourceTree = "<group>"; };
		934C9446228B30A800CE0D55 /* EvoTestTests.xctest */ = {isa = PBXFileReference; explicitFileType = wrapper.cfbundle; includeInIndex = 0; path = EvoTestTests.xctest; sourceTree = BUILT_PRODUCTS_DIR; };
		934C944A228B30A800CE0D55 /* EvoTestTests.swift */ = {isa = PBXFileReference; lastKnownFileType = sourcecode.swift; path = EvoTestTests.swift; sourceTree = "<group>"; };
		934C944C228B30A800CE0D55 /* Info.plist */ = {isa = PBXFileReference; lastKnownFileType = text.plist.xml; path = Info.plist; sourceTree = "<group>"; };
		934C9451228B30A800CE0D55 /* EvoTestUITests.xctest */ = {isa = PBXFileReference; explicitFileType = wrapper.cfbundle; includeInIndex = 0; path = EvoTestUITests.xctest; sourceTree = BUILT_PRODUCTS_DIR; };
		934C9455228B30A800CE0D55 /* EvoTestUITests.swift */ = {isa = PBXFileReference; lastKnownFileType = sourcecode.swift; path = EvoTestUITests.swift; sourceTree = "<group>"; };
		934C9457228B30A800CE0D55 /* Info.plist */ = {isa = PBXFileReference; lastKnownFileType = text.plist.xml; path = Info.plist; sourceTree = "<group>"; };
/* End PBXFileReference section */

/* Begin PBXFrameworksBuildPhase section */
		934C942F228B30A800CE0D55 /* Frameworks */ = {
			isa = PBXFrameworksBuildPhase;
			buildActionMask = 2147483647;
			files = (
			);
			runOnlyForDeploymentPostprocessing = 0;
		};
		934C9443228B30A800CE0D55 /* Frameworks */ = {
			isa = PBXFrameworksBuildPhase;
			buildActionMask = 2147483647;
			files = (
			);
			runOnlyForDeploymentPostprocessing = 0;
		};
		934C944E228B30A800CE0D55 /* Frameworks */ = {
			isa = PBXFrameworksBuildPhase;
			buildActionMask = 2147483647;
			files = (
			);
			runOnlyForDeploymentPostprocessing = 0;
		};
/* End PBXFrameworksBuildPhase section */

/* Begin PBXGroup section */
		934C9429228B30A800CE0D55 = {
			isa = PBXGroup;
			children = (
				934C9434228B30A800CE0D55 /* EvoTest */,
				934C9449228B30A800CE0D55 /* EvoTestTests */,
				934C9454228B30A800CE0D55 /* EvoTestUITests */,
				934C9433228B30A800CE0D55 /* Products */,
			);
			sourceTree = "<group>";
		};
		934C9433228B30A800CE0D55 /* Products */ = {
			isa = PBXGroup;
			children = (
				934C9432228B30A800CE0D55 /* EvoTest.app */,
				934C9446228B30A800CE0D55 /* EvoTestTests.xctest */,
				934C9451228B30A800CE0D55 /* EvoTestUITests.xctest */,
			);
			name = Products;
			sourceTree = "<group>";
		};
		934C9434228B30A800CE0D55 /* EvoTest */ = {
			isa = PBXGroup;
			children = (
				934C9435228B30A800CE0D55 /* AppDelegate.swift */,
				934C9437228B30A800CE0D55 /* ViewController.swift */,
				934C9439228B30A800CE0D55 /* Main.storyboard */,
				934C943C228B30A800CE0D55 /* Assets.xcassets */,
				934C943E228B30A800CE0D55 /* LaunchScreen.storyboard */,
				934C9441228B30A800CE0D55 /* Info.plist */,
			);
			path = EvoTest;
			sourceTree = "<group>";
		};
		934C9449228B30A800CE0D55 /* EvoTestTests */ = {
			isa = PBXGroup;
			children = (
				934C944A228B30A800CE0D55 /* EvoTestTests.swift */,
				934C944C228B30A800CE0D55 /* Info.plist */,
			);
			path = EvoTestTests;
			sourceTree = "<group>";
		};
		934C9454228B30A800CE0D55 /* EvoTestUITests */ = {
			isa = PBXGroup;
			children = (
				934C9455228B30A800CE0D55 /* EvoTestUITests.swift */,
				934C9457228B30A800CE0D55 /* Info.plist */,
			);
			path = EvoTestUITests;
			sourceTree = "<group>";
		};
/* End PBXGroup section */

/* Begin PBXNativeTarget section */
		934C9431228B30A800CE0D55 /* EvoTest */ = {
			isa = PBXNativeTarget;
			buildConfigurationList = 934C945A228B30A800CE0D55 /* Build configuration list for PBXNativeTarget "EvoTest" */;
			buildPhases = (
				934C942E228B30A800CE0D55 /* Sources */,
				934C942F228B30A800CE0D55 /* Frameworks */,
				934C9430228B30A800CE0D55 /* Resources */,
			);
			buildRules = (
			);
			dependencies = (
			);
			name = EvoTest;
			productName = EvoTest;
			productReference = 934C9432228B30A800CE0D55 /* EvoTest.app */;
			productType = "com.apple.product-type.application";
		};
		934C9445228B30A800CE0D55 /* EvoTestTests */ = {
			isa = PBXNativeTarget;
			buildConfigurationList = 934C945D228B30A800CE0D55 /* Build configuration list for PBXNativeTarget "EvoTestTests" */;
			buildPhases = (
				934C9442228B30A800CE0D55 /* Sources */,
				934C9443228B30A800CE0D55 /* Frameworks */,
				934C9444228B30A800CE0D55 /* Resources */,
			);
			buildRules = (
			);
			dependencies = (
				934C9448228B30A800CE0D55 /* PBXTargetDependency */,
			);
			name = EvoTestTests;
			productName = EvoTestTests;
			productReference = 934C9446228B30A800CE0D55 /* EvoTestTests.xctest */;
			productType = "com.apple.product-type.bundle.unit-test";
		};
		934C9450228B30A800CE0D55 /* EvoTestUITests */ = {
			isa = PBXNativeTarget;
			buildConfigurationList = 934C9460228B30A800CE0D55 /* Build configuration list for PBXNativeTarget "EvoTestUITests" */;
			buildPhases = (
				934C944D228B30A800CE0D55 /* Sources */,
				934C944E228B30A800CE0D55 /* Frameworks */,
				934C944F228B30A800CE0D55 /* Resources */,
			);
			buildRules = (
			);
			dependencies = (
				934C9453228B30A800CE0D55 /* PBXTargetDependency */,
			);
			name = EvoTestUITests;
			productName = EvoTestUITests;
			productReference = 934C9451228B30A800CE0D55 /* EvoTestUITests.xctest */;
			productType = "com.apple.product-type.bundle.ui-testing";
		};
/* End PBXNativeTarget section */

/* Begin PBXProject section */
		934C942A228B30A800CE0D55 /* Project object */ = {
			isa = PBXProject;
			attributes = {
				LastSwiftUpdateCheck = 1020;
				LastUpgradeCheck = 1020;
				ORGANIZATIONNAME = "Anton Honcharenko";
				TargetAttributes = {
					934C9431228B30A800CE0D55 = {
						CreatedOnToolsVersion = 10.2.1;
					};
					934C9445228B30A800CE0D55 = {
						CreatedOnToolsVersion = 10.2.1;
						TestTargetID = 934C9431228B30A800CE0D55;
					};
					934C9450228B30A800CE0D55 = {
						CreatedOnToolsVersion = 10.2.1;
						TestTargetID = 934C9431228B30A800CE0D55;
					};
				};
			};
			buildConfigurationList = 934C942D228B30A800CE0D55 /* Build configuration list for PBXProject "EvoTest" */;
			compatibilityVersion = "Xcode 9.3";
			developmentRegion = en;
			hasScannedForEncodings = 0;
			knownRegions = (
				en,
				Base,
			);
			mainGroup = 934C9429228B30A800CE0D55;
			productRefGroup = 934C9433228B30A800CE0D55 /* Products */;
			projectDirPath = "";
			projectRoot = "";
			targets = (
				934C9431228B30A800CE0D55 /* EvoTest */,
				934C9445228B30A800CE0D55 /* EvoTestTests */,
				934C9450228B30A800CE0D55 /* EvoTestUITests */,
			);
		};
/* End PBXProject section */

/* Begin PBXResourcesBuildPhase section */
		934C9430228B30A800CE0D55 /* Resources */ = {
			isa = PBXResourcesBuildPhase;
			buildActionMask = 2147483647;
			files = (
				934C9440228B30A800CE0D55 /* LaunchScreen.storyboard in Resources */,
				934C943D228B30A800CE0D55 /* Assets.xcassets in Resources */,
				934C943B228B30A800CE0D55 /* Main.storyboard in Resources */,
			);
			runOnlyForDeploymentPostprocessing = 0;
		};
		934C9444228B30A800CE0D55 /* Resources */ = {
			isa = PBXResourcesBuildPhase;
			buildActionMask = 2147483647;
			files = (
			);
			runOnlyForDeploymentPostprocessing = 0;
		};
		934C944F228B30A800CE0D55 /* Resources */ = {
			isa = PBXResourcesBuildPhase;
			buildActionMask = 2147483647;
			files = (
			);
			runOnlyForDeploymentPostprocessing = 0;
		};
/* End PBXResourcesBuildPhase section */

/* Begin PBXSourcesBuildPhase section */
		934C942E228B30A800CE0D55 /* Sources */ = {
			isa = PBXSourcesBuildPhase;
			buildActionMask = 2147483647;
			files = (
				934C9438228B30A800CE0D55 /* ViewController.swift in Sources */,
				934C9436228B30A800CE0D55 /* AppDelegate.swift in Sources */,
			);
			runOnlyForDeploymentPostprocessing = 0;
		};
		934C9442228B30A800CE0D55 /* Sources */ = {
			isa = PBXSourcesBuildPhase;
			buildActionMask = 2147483647;
			files = (
				934C944B228B30A800CE0D55 /* EvoTestTests.swift in Sources */,
			);
			runOnlyForDeploymentPostprocessing = 0;
		};
		934C944D228B30A800CE0D55 /* Sources */ = {
			isa = PBXSourcesBuildPhase;
			buildActionMask = 2147483647;
			files = (
				934C9456228B30A800CE0D55 /* EvoTestUITests.swift in Sources */,
			);
			runOnlyForDeploymentPostprocessing = 0;
		};
/* End PBXSourcesBuildPhase section */

/* Begin PBXTargetDependency section */
		934C9448228B30A800CE0D55 /* PBXTargetDependency */ = {
			isa = PBXTargetDependency;
			target = 934C9431228B30A800CE0D55 /* EvoTest */;
			targetProxy = 934C9447228B30A800CE0D55 /* PBXContainerItemProxy */;
		};
		934C9453228B30A800CE0D55 /* PBXTargetDependency */ = {
			isa = PBXTargetDependency;
			target = 934C9431228B30A800CE0D55 /* EvoTest */;
			targetProxy = 934C9452228B30A800CE0D55 /* PBXContainerItemProxy */;
		};
/* End PBXTargetDependency section */

/* Begin PBXVariantGroup section */
		934C9439228B30A800CE0D55 /* Main.storyboard */ = {
			isa = PBXVariantGroup;
			children = (
				934C943A228B30A800CE0D55 /* Base */,
			);
			name = Main.storyboard;
			sourceTree = "<group>";
		};
		934C943E228B30A800CE0D55 /* LaunchScreen.storyboard */ = {
			isa = PBXVariantGroup;
			children = (
				934C943F228B30A800CE0D55 /* Base */,
			);
			name = LaunchScreen.storyboard;
			sourceTree = "<group>";
		};
/* End PBXVariantGroup section */

/* Begin XCBuildConfiguration section */
		934C9458228B30A800CE0D55 /* Debug */ = {
			isa = XCBuildConfiguration;
			buildSettings = {
				ALWAYS_SEARCH_USER_PATHS = NO;
				CLANG_ANALYZER_NONNULL = YES;
				CLANG_ANALYZER_NUMBER_OBJECT_CONVERSION = YES_AGGRESSIVE;
				CLANG_CXX_LANGUAGE_STANDARD = "gnu++14";
				CLANG_CXX_LIBRARY = "libc++";
				CLANG_ENABLE_MODULES = YES;
				CLANG_ENABLE_OBJC_ARC = YES;
				CLANG_ENABLE_OBJC_WEAK = YES;
				CLANG_WARN_BLOCK_CAPTURE_AUTORELEASING = YES;
				CLANG_WARN_BOOL_CONVERSION = YES;
				CLANG_WARN_COMMA = YES;
				CLANG_WARN_CONSTANT_CONVERSION = YES;
				CLANG_WARN_DEPRECATED_OBJC_IMPLEMENTATIONS = YES;
				CLANG_WARN_DIRECT_OBJC_ISA_USAGE = YES_ERROR;
				CLANG_WARN_DOCUMENTATION_COMMENTS = YES;
				CLANG_WARN_EMPTY_BODY = YES;
				CLANG_WARN_ENUM_CONVERSION = YES;
				CLANG_WARN_INFINITE_RECURSION = YES;
				CLANG_WARN_INT_CONVERSION = YES;
				CLANG_WARN_NON_LITERAL_NULL_CONVERSION = YES;
				CLANG_WARN_OBJC_IMPLICIT_RETAIN_SELF = YES;
				CLANG_WARN_OBJC_LITERAL_CONVERSION = YES;
				CLANG_WARN_OBJC_ROOT_CLASS = YES_ERROR;
				CLANG_WARN_RANGE_LOOP_ANALYSIS = YES;
				CLANG_WARN_STRICT_PROTOTYPES = YES;
				CLANG_WARN_SUSPICIOUS_MOVE = YES;
				CLANG_WARN_UNGUARDED_AVAILABILITY = YES_AGGRESSIVE;
				CLANG_WARN_UNREACHABLE_CODE = YES;
				CLANG_WARN__DUPLICATE_METHOD_MATCH = YES;
				CODE_SIGN_IDENTITY = "iPhone Developer";
				COPY_PHASE_STRIP = NO;
				DEBUG_INFORMATION_FORMAT = dwarf;
				ENABLE_STRICT_OBJC_MSGSEND = YES;
				ENABLE_TESTABILITY = YES;
				GCC_C_LANGUAGE_STANDARD = gnu11;
				GCC_DYNAMIC_NO_PIC = NO;
				GCC_NO_COMMON_BLOCKS = YES;
				GCC_OPTIMIZATION_LEVEL = 0;
				GCC_PREPROCESSOR_DEFINITIONS = (
					"DEBUG=1",
					"$(inherited)",
				);
				GCC_WARN_64_TO_32_BIT_CONVERSION = YES;
				GCC_WARN_ABOUT_RETURN_TYPE = YES_ERROR;
				GCC_WARN_UNDECLARED_SELECTOR = YES;
				GCC_WARN_UNINITIALIZED_AUTOS = YES_AGGRESSIVE;
				GCC_WARN_UNUSED_FUNCTION = YES;
				GCC_WARN_UNUSED_VARIABLE = YES;
				IPHONEOS_DEPLOYMENT_TARGET = 12.2;
				MTL_ENABLE_DEBUG_INFO = INCLUDE_SOURCE;
				MTL_FAST_MATH = YES;
				ONLY_ACTIVE_ARCH = YES;
				SDKROOT = iphoneos;
				SWIFT_ACTIVE_COMPILATION_CONDITIONS = DEBUG;
				SWIFT_OPTIMIZATION_LEVEL = "-Onone";
			};
			name = Debug;
		};
		934C9459228B30A800CE0D55 /* Release */ = {
			isa = XCBuildConfiguration;
			buildSettings = {
				ALWAYS_SEARCH_USER_PATHS = NO;
				CLANG_ANALYZER_NONNULL = YES;
				CLANG_ANALYZER_NUMBER_OBJECT_CONVERSION = YES_AGGRESSIVE;
				CLANG_CXX_LANGUAGE_STANDARD = "gnu++14";
				CLANG_CXX_LIBRARY = "libc++";
				CLANG_ENABLE_MODULES = YES;
				CLANG_ENABLE_OBJC_ARC = YES;
				CLANG_ENABLE_OBJC_WEAK = YES;
				CLANG_WARN_BLOCK_CAPTURE_AUTORELEASING = YES;
				CLANG_WARN_BOOL_CONVERSION = YES;
				CLANG_WARN_COMMA = YES;
				CLANG_WARN_CONSTANT_CONVERSION = YES;
				CLANG_WARN_DEPRECATED_OBJC_IMPLEMENTATIONS = YES;
				CLANG_WARN_DIRECT_OBJC_ISA_USAGE = YES_ERROR;
				CLANG_WARN_DOCUMENTATION_COMMENTS = YES;
				CLANG_WARN_EMPTY_BODY = YES;
				CLANG_WARN_ENUM_CONVERSION = YES;
				CLANG_WARN_INFINITE_RECURSION = YES;
				CLANG_WARN_INT_CONVERSION = YES;
				CLANG_WARN_NON_LITERAL_NULL_CONVERSION = YES;
				CLANG_WARN_OBJC_IMPLICIT_RETAIN_SELF = YES;
				CLANG_WARN_OBJC_LITERAL_CONVERSION = YES;
				CLANG_WARN_OBJC_ROOT_CLASS = YES_ERROR;
				CLANG_WARN_RANGE_LOOP_ANALYSIS = YES;
				CLANG_WARN_STRICT_PROTOTYPES = YES;
				CLANG_WARN_SUSPICIOUS_MOVE = YES;
				CLANG_WARN_UNGUARDED_AVAILABILITY = YES_AGGRESSIVE;
				CLANG_WARN_UNREACHABLE_CODE = YES;
				CLANG_WARN__DUPLICATE_METHOD_MATCH = YES;
				CODE_SIGN_IDENTITY = "iPhone Developer";
				COPY_PHASE_STRIP = NO;
				DEBUG_INFORMATION_FORMAT = "dwarf-with-dsym";
				ENABLE_NS_ASSERTIONS = NO;
				ENABLE_STRICT_OBJC_MSGSEND = YES;
				GCC_C_LANGUAGE_STANDARD = gnu11;
				GCC_NO_COMMON_BLOCKS = YES;
				GCC_WARN_64_TO_32_BIT_CONVERSION = YES;
				GCC_WARN_ABOUT_RETURN_TYPE = YES_ERROR;
				GCC_WARN_UNDECLARED_SELECTOR = YES;
				GCC_WARN_UNINITIALIZED_AUTOS = YES_AGGRESSIVE;
				GCC_WARN_UNUSED_FUNCTION = YES;
				GCC_WARN_UNUSED_VARIABLE = YES;
				IPHONEOS_DEPLOYMENT_TARGET = 12.2;
				MTL_ENABLE_DEBUG_INFO = NO;
				MTL_FAST_MATH = YES;
				SDKROOT = iphoneos;
				SWIFT_COMPILATION_MODE = wholemodule;
				SWIFT_OPTIMIZATION_LEVEL = "-O";
				VALIDATE_PRODUCT = YES;
			};
			name = Release;
		};
		934C945B228B30A800CE0D55 /* Debug */ = {
			isa = XCBuildConfiguration;
			buildSettings = {
				ASSETCATALOG_COMPILER_APPICON_NAME = AppIcon;
				CODE_SIGN_STYLE = Automatic;
				INFOPLIST_FILE = EvoTest/Info.plist;
				LD_RUNPATH_SEARCH_PATHS = (
					"$(inherited)",
					"@executable_path/Frameworks",
				);
				PRODUCT_BUNDLE_IDENTIFIER = com.EvoTest;
				PRODUCT_NAME = "$(TARGET_NAME)";
				SWIFT_VERSION = 5.0;
				TARGETED_DEVICE_FAMILY = "1,2";
			};
			name = Debug;
		};
		934C945C228B30A800CE0D55 /* Release */ = {
			isa = XCBuildConfiguration;
			buildSettings = {
				ASSETCATALOG_COMPILER_APPICON_NAME = AppIcon;
				CODE_SIGN_STYLE = Automatic;
				INFOPLIST_FILE = EvoTest/Info.plist;
				LD_RUNPATH_SEARCH_PATHS = (
					"$(inherited)",
					"@executable_path/Frameworks",
				);
				PRODUCT_BUNDLE_IDENTIFIER = com.EvoTest;
				PRODUCT_NAME = "$(TARGET_NAME)";
				SWIFT_VERSION = 5.0;
				TARGETED_DEVICE_FAMILY = "1,2";
			};
			name = Release;
		};
		934C945E228B30A800CE0D55 /* Debug */ = {
			isa = XCBuildConfiguration;
			buildSettings = {
				ALWAYS_EMBED_SWIFT_STANDARD_LIBRARIES = YES;
				BUNDLE_LOADER = "$(TEST_HOST)";
				CODE_SIGN_STYLE = Automatic;
				INFOPLIST_FILE = EvoTestTests/Info.plist;
				LD_RUNPATH_SEARCH_PATHS = (
					"$(inherited)",
					"@executable_path/Frameworks",
					"@loader_path/Frameworks",
				);
				PRODUCT_BUNDLE_IDENTIFIER = com.EvoTestTests;
				PRODUCT_NAME = "$(TARGET_NAME)";
				SWIFT_VERSION = 5.0;
				TARGETED_DEVICE_FAMILY = "1,2";
				TEST_HOST = "$(BUILT_PRODUCTS_DIR)/EvoTest.app/EvoTest";
			};
			name = Debug;
		};
		934C945F228B30A800CE0D55 /* Release */ = {
			isa = XCBuildConfiguration;
			buildSettings = {
				ALWAYS_EMBED_SWIFT_STANDARD_LIBRARIES = YES;
				BUNDLE_LOADER = "$(TEST_HOST)";
				CODE_SIGN_STYLE = Automatic;
				INFOPLIST_FILE = EvoTestTests/Info.plist;
				LD_RUNPATH_SEARCH_PATHS = (
					"$(inherited)",
					"@executable_path/Frameworks",
					"@loader_path/Frameworks",
				);
				PRODUCT_BUNDLE_IDENTIFIER = com.EvoTestTests;
				PRODUCT_NAME = "$(TARGET_NAME)";
				SWIFT_VERSION = 5.0;
				TARGETED_DEVICE_FAMILY = "1,2";
				TEST_HOST = "$(BUILT_PRODUCTS_DIR)/EvoTest.app/EvoTest";
			};
			name = Release;
		};
		934C9461228B30A800CE0D55 /* Debug */ = {
			isa = XCBuildConfiguration;
			buildSettings = {
				ALWAYS_EMBED_SWIFT_STANDARD_LIBRARIES = YES;
				CODE_SIGN_STYLE = Automatic;
				INFOPLIST_FILE = EvoTestUITests/Info.plist;
				LD_RUNPATH_SEARCH_PATHS = (
					"$(inherited)",
					"@executable_path/Frameworks",
					"@loader_path/Frameworks",
				);
				PRODUCT_BUNDLE_IDENTIFIER = com.EvoTestUITests;
				PRODUCT_NAME = "$(TARGET_NAME)";
				SWIFT_VERSION = 5.0;
				TARGETED_DEVICE_FAMILY = "1,2";
				TEST_TARGET_NAME = EvoTest;
			};
			name = Debug;
		};
		934C9462228B30A800CE0D55 /* Release */ = {
			isa = XCBuildConfiguration;
			buildSettings = {
				ALWAYS_EMBED_SWIFT_STANDARD_LIBRARIES = YES;
				CODE_SIGN_STYLE = Automatic;
				INFOPLIST_FILE = EvoTestUITests/Info.plist;
				LD_RUNPATH_SEARCH_PATHS = (
					"$(inherited)",
					"@executable_path/Frameworks",
					"@loader_path/Frameworks",
				);
				PRODUCT_BUNDLE_IDENTIFIER = com.EvoTestUITests;
				PRODUCT_NAME = "$(TARGET_NAME)";
				SWIFT_VERSION = 5.0;
				TARGETED_DEVICE_FAMILY = "1,2";
				TEST_TARGET_NAME = EvoTest;
			};
			name = Release;
		};
/* End XCBuildConfiguration section */

/* Begin XCConfigurationList section */
		934C942D228B30A800CE0D55 /* Build configuration list for PBXProject "EvoTest" */ = {
			isa = XCConfigurationList;
			buildConfigurations = (
				934C9458228B30A800CE0D55 /* Debug */,
				934C9459228B30A800CE0D55 /* Release */,
			);
			defaultConfigurationIsVisible = 0;
			defaultConfigurationName = Release;
		};
		934C945A228B30A800CE0D55 /* Build configuration list for PBXNativeTarget "EvoTest" */ = {
			isa = XCConfigurationList;
			buildConfigurations = (
				934C945B228B30A800CE0D55 /* Debug */,
				934C945C228B30A800CE0D55 /* Release */,
			);
			defaultConfigurationIsVisible = 0;
			defaultConfigurationName = Release;
		};
		934C945D228B30A800CE0D55 /* Build configuration list for PBXNativeTarget "EvoTestTests" */ = {
			isa = XCConfigurationList;
			buildConfigurations = (
				934C945E228B30A800CE0D55 /* Debug */,
				934C945F228B30A800CE0D55 /* Release */,
			);
			defaultConfigurationIsVisible = 0;
			defaultConfigurationName = Release;
		};
		934C9460228B30A800CE0D55 /* Build configuration list for PBXNativeTarget "EvoTestUITests" */ = {
			isa = XCConfigurationList;
			buildConfigurations = (
				934C9461228B30A800CE0D55 /* Debug */,
				934C9462228B30A800CE0D55 /* Release */,
			);
			defaultConfigurationIsVisible = 0;
			defaultConfigurationName = Release;
		};
/* End XCConfigurationList section */
	};
	rootObject = 934C942A228B30A800CE0D55 /* Project object */;
}
